
Microsoft Visual Studio Solution File, Format Version 12.00
# Visual Studio Version 17
VisualStudioVersion = 17.13.35825.156 d17.13
MinimumVisualStudioVersion = 10.0.40219.1
Project("{8BC9CEB8-8B4A-11D0-8D11-00A0C91BC942}") = "Spyware", "Spyware.vcxproj", "{86E1DA11-6A61-4F96-8655-F0DCC8A6D737}"
EndProject
Global
	GlobalSection(SolutionConfigurationPlatforms) = preSolution
		Debug|x64 = Debug|x64
		Debug|x86 = Debug|x86
		Release|x64 = Release|x64
		Release|x86 = Release|x86
	EndGlobalSection
	GlobalSection(ProjectConfigurationPlatforms) = postSolution
		{86E1DA11-6A61-4F96-8655-F0DCC8A6D737}.Debug|x64.ActiveCfg = Debug|x64
		{86E1DA11-6A61-4F96-8655-F0DCC8A6D737}.Debug|x64.Build.0 = Debug|x64
		{86E1DA11-6A61-4F96-8655-F0DCC8A6D737}.Debug|x86.ActiveCfg = Debug|Win32
		{86E1DA11-6A61-4F96-8655-F0DCC8A6D737}.Debug|x86.Build.0 = Debug|Win32
		{86E1DA11-6A61-4F96-8655-F0DCC8A6D737}.Release|x64.ActiveCfg = Release|x64
		{86E1DA11-6A61-4F96-8655-F0DCC8A6D737}.Release|x64.Build.0 = Release|x64
		{86E1DA11-6A61-4F96-8655-F0DCC8A6D737}.Release|x86.ActiveCfg = Release|Win32
		{86E1DA11-6A61-4F96-8655-F0DCC8A6D737}.Release|x86.Build.0 = Release|Win32
	EndGlobalSection
	GlobalSection(SolutionProperties) = preSolution
		HideSolutionNode = FALSE
	EndGlobalSection
	GlobalSection(ExtensibilityGlobals) = postSolution
		SolutionGuid = {87AD70EF-67FC-419E-AD33-BC8B60615FE8}
	EndGlobalSection
EndGlobal
